// !$*UTF8*$!
{
	archiveVersion = 1;
	classes = {
	};
	objectVersion = 46;
	objects = {

/* Begin PBXBuildFile section */
		A4263E3418F2BBDE00377B3F /* Foundation.framework in Frameworks */ = {isa = PBXBuildFile; fileRef = A4263E3318F2BBDE00377B3F /* Foundation.framework */; };
		A4263E4218F2BBDE00377B3F /* XCTest.framework in Frameworks */ = {isa = PBXBuildFile; fileRef = A4263E4118F2BBDE00377B3F /* XCTest.framework */; };
		A4263E4318F2BBDE00377B3F /* Foundation.framework in Frameworks */ = {isa = PBXBuildFile; fileRef = A4263E3318F2BBDE00377B3F /* Foundation.framework */; };
		A4263E4518F2BBDE00377B3F /* UIKit.framework in Frameworks */ = {isa = PBXBuildFile; fileRef = A4263E4418F2BBDE00377B3F /* UIKit.framework */; };
		A4263E4818F2BBDE00377B3F /* libSponsorpay.a in Frameworks */ = {isa = PBXBuildFile; fileRef = A4263E3018F2BBDE00377B3F /* libSponsorpay.a */; };
		A4263E4E18F2BBDE00377B3F /* InfoPlist.strings in Resources */ = {isa = PBXBuildFile; fileRef = A4263E4C18F2BBDE00377B3F /* InfoPlist.strings */; };
		A4263E7518F2BD9500377B3F /* Foundation.framework in Frameworks */ = {isa = PBXBuildFile; fileRef = A4263E3318F2BBDE00377B3F /* Foundation.framework */; };
		A4263E7718F2BD9500377B3F /* CoreGraphics.framework in Frameworks */ = {isa = PBXBuildFile; fileRef = A4263E7618F2BD9500377B3F /* CoreGraphics.framework */; };
		A4263E7818F2BD9500377B3F /* UIKit.framework in Frameworks */ = {isa = PBXBuildFile; fileRef = A4263E4418F2BBDE00377B3F /* UIKit.framework */; };
		A4263E7E18F2BD9500377B3F /* InfoPlist.strings in Resources */ = {isa = PBXBuildFile; fileRef = A4263E7C18F2BD9500377B3F /* InfoPlist.strings */; };
		A4263E8018F2BD9500377B3F /* main.m in Sources */ = {isa = PBXBuildFile; fileRef = A4263E7F18F2BD9500377B3F /* main.m */; };
		A4263E8618F2BD9500377B3F /* Images.xcassets in Resources */ = {isa = PBXBuildFile; fileRef = A4263E8518F2BD9500377B3F /* Images.xcassets */; };
		A4263E8C18F2BD9500377B3F /* XCTest.framework in Frameworks */ = {isa = PBXBuildFile; fileRef = A4263E4118F2BBDE00377B3F /* XCTest.framework */; };
		A4263E8D18F2BD9500377B3F /* Foundation.framework in Frameworks */ = {isa = PBXBuildFile; fileRef = A4263E3318F2BBDE00377B3F /* Foundation.framework */; };
		A4263E8E18F2BD9500377B3F /* UIKit.framework in Frameworks */ = {isa = PBXBuildFile; fileRef = A4263E4418F2BBDE00377B3F /* UIKit.framework */; };
		A4263E9618F2BD9500377B3F /* InfoPlist.strings in Resources */ = {isa = PBXBuildFile; fileRef = A4263E9418F2BD9500377B3F /* InfoPlist.strings */; };
		A4263E9818F2BD9500377B3F /* SponsorpayDemoAppTests.m in Sources */ = {isa = PBXBuildFile; fileRef = A4263E9718F2BD9500377B3F /* SponsorpayDemoAppTests.m */; };
		A4263EA818F2BE1C00377B3F /* SPDAppDelegate.m in Sources */ = {isa = PBXBuildFile; fileRef = A4263EA418F2BE1C00377B3F /* SPDAppDelegate.m */; };
		A4263EAC18F2BE8700377B3F /* libSponsorpay.a in Frameworks */ = {isa = PBXBuildFile; fileRef = A4263E3018F2BBDE00377B3F /* libSponsorpay.a */; };
		A4263EAE18F2BECF00377B3F /* Window.xib in Resources */ = {isa = PBXBuildFile; fileRef = A4263EAD18F2BECF00377B3F /* Window.xib */; };
		A4263EB318F2BFAC00377B3F /* SPDDataStore.m in Sources */ = {isa = PBXBuildFile; fileRef = A4263EB218F2BFAC00377B3F /* SPDDataStore.m */; };
		A4263EC718F2C2FA00377B3F /* SPAPIController.m in Sources */ = {isa = PBXBuildFile; fileRef = A4263EC518F2C2FA00377B3F /* SPAPIController.m */; };
		A4263ECE18F2C35A00377B3F /* SPEnvNetworkInfo.m in Sources */ = {isa = PBXBuildFile; fileRef = A4263ECA18F2C35A00377B3F /* SPEnvNetworkInfo.m */; };
		A4263ECF18F2C35A00377B3F /* SPEnvPhoneInfo.m in Sources */ = {isa = PBXBuildFile; fileRef = A4263ECD18F2C35A00377B3F /* SPEnvPhoneInfo.m */; };
		A4263ED418F2C4EC00377B3F /* SPDate.m in Sources */ = {isa = PBXBuildFile; fileRef = A4263ED318F2C4EC00377B3F /* SPDate.m */; };
		A4263EDE18F2C54C00377B3F /* SPString.m in Sources */ = {isa = PBXBuildFile; fileRef = A4263EDD18F2C54C00377B3F /* SPString.m */; };
		A4263EE218F2C5D000377B3F /* SPError.m in Sources */ = {isa = PBXBuildFile; fileRef = A4263EE118F2C5D000377B3F /* SPError.m */; };
		A4263EE718F2C90E00377B3F /* SPLog.m in Sources */ = {isa = PBXBuildFile; fileRef = A4263EE618F2C90E00377B3F /* SPLog.m */; };
		A484DB5918F2F537002192D8 /* SPOffer.m in Sources */ = {isa = PBXBuildFile; fileRef = A484DB5818F2F537002192D8 /* SPOffer.m */; };
		A484DB5D18F307D3002192D8 /* SPURL.m in Sources */ = {isa = PBXBuildFile; fileRef = A484DB5C18F307D3002192D8 /* SPURL.m */; };
		A484DB5F18F325C4002192D8 /* AdSupport.framework in Frameworks */ = {isa = PBXBuildFile; fileRef = A484DB5E18F325C4002192D8 /* AdSupport.framework */; };
		A484DB6018F325D7002192D8 /* AdSupport.framework in Frameworks */ = {isa = PBXBuildFile; fileRef = A484DB5E18F325C4002192D8 /* AdSupport.framework */; };
		A484DB7818F32C5D002192D8 /* libKiwi-XCTest.a in Frameworks */ = {isa = PBXBuildFile; fileRef = A484DB7318F32C42002192D8 /* libKiwi-XCTest.a */; };
		A484DB7B18F32D14002192D8 /* SPAPIControllerSpecs.m in Sources */ = {isa = PBXBuildFile; fileRef = A484DB7A18F32CC8002192D8 /* SPAPIControllerSpecs.m */; };
		A484DB8418F33014002192D8 /* SPRndObjFactory.m in Sources */ = {isa = PBXBuildFile; fileRef = A484DB8318F33014002192D8 /* SPRndObjFactory.m */; };
		A4CC3CD618F3E8DD00C2B369 /* SPSwizzelingController.m in Sources */ = {isa = PBXBuildFile; fileRef = A4CC3CD518F3E8DD00C2B369 /* SPSwizzelingController.m */; };
		A4CC3CDA18F3EFAD00C2B369 /* SPDataFactory.m in Sources */ = {isa = PBXBuildFile; fileRef = A4CC3CD918F3EFAD00C2B369 /* SPDataFactory.m */; };
		A4CC3CDC18F3F0E000C2B369 /* offersAPIResponseJSON.txt in Resources */ = {isa = PBXBuildFile; fileRef = A4CC3CDB18F3F0E000C2B369 /* offersAPIResponseJSON.txt */; };
		A4CC3CE518F401CD00C2B369 /* SPDRootViewController.m in Sources */ = {isa = PBXBuildFile; fileRef = A4CC3CE418F401CD00C2B369 /* SPDRootViewController.m */; };
		A4CC3CEA18F4033500C2B369 /* SPDOffersViewController.m in Sources */ = {isa = PBXBuildFile; fileRef = A4CC3CE818F4033500C2B369 /* SPDOffersViewController.m */; };
		A4CC3CEB18F4033500C2B369 /* SPDOffersViewController.xib in Resources */ = {isa = PBXBuildFile; fileRef = A4CC3CE918F4033500C2B369 /* SPDOffersViewController.xib */; };
		A4CC3CF018F40AE600C2B369 /* SPTableViewCell.m in Sources */ = {isa = PBXBuildFile; fileRef = A4CC3CEE18F40AE600C2B369 /* SPTableViewCell.m */; };
		A4CC3CF118F40AE600C2B369 /* SPTableViewCell.xib in Resources */ = {isa = PBXBuildFile; fileRef = A4CC3CEF18F40AE600C2B369 /* SPTableViewCell.xib */; };
		A4CC3D0518F4148400C2B369 /* EGOCache.m in Sources */ = {isa = PBXBuildFile; fileRef = A4CC3CF918F4148400C2B369 /* EGOCache.m */; settings = {COMPILER_FLAGS = "-fno-objc-arc"; }; };
		A4CC3D0618F4148400C2B369 /* EGOImageButton.m in Sources */ = {isa = PBXBuildFile; fileRef = A4CC3CFC18F4148400C2B369 /* EGOImageButton.m */; settings = {COMPILER_FLAGS = "-fno-objc-arc"; }; };
		A4CC3D0718F4148400C2B369 /* EGOImageLoadConnection.m in Sources */ = {isa = PBXBuildFile; fileRef = A4CC3CFF18F4148400C2B369 /* EGOImageLoadConnection.m */; settings = {COMPILER_FLAGS = "-fno-objc-arc"; }; };
		A4CC3D0818F4148400C2B369 /* EGOImageLoader.m in Sources */ = {isa = PBXBuildFile; fileRef = A4CC3D0118F4148400C2B369 /* EGOImageLoader.m */; settings = {COMPILER_FLAGS = "-fno-objc-arc"; }; };
		A4CC3D0918F4148400C2B369 /* EGOImageView.m in Sources */ = {isa = PBXBuildFile; fileRef = A4CC3D0418F4148400C2B369 /* EGOImageView.m */; settings = {COMPILER_FLAGS = "-fno-objc-arc"; }; };
/* End PBXBuildFile section */

/* Begin PBXContainerItemProxy section */
		A4263E4618F2BBDE00377B3F /* PBXContainerItemProxy */ = {
			isa = PBXContainerItemProxy;
			containerPortal = A4263E2818F2BBDE00377B3F /* Project object */;
			proxyType = 1;
			remoteGlobalIDString = A4263E2F18F2BBDE00377B3F;
			remoteInfo = Sponsorpay;
		};
		A4263E8F18F2BD9500377B3F /* PBXContainerItemProxy */ = {
			isa = PBXContainerItemProxy;
			containerPortal = A4263E2818F2BBDE00377B3F /* Project object */;
			proxyType = 1;
			remoteGlobalIDString = A4263E7318F2BD9500377B3F;
			remoteInfo = SponsorpayDemoApp;
		};
		A4263E9F18F2BDB200377B3F /* PBXContainerItemProxy */ = {
			isa = PBXContainerItemProxy;
			containerPortal = A4263E2818F2BBDE00377B3F /* Project object */;
			proxyType = 1;
			remoteGlobalIDString = A4263E2F18F2BBDE00377B3F;
			remoteInfo = Sponsorpay;
		};
		A4263EAA18F2BE7400377B3F /* PBXContainerItemProxy */ = {
			isa = PBXContainerItemProxy;
			containerPortal = A4263E2818F2BBDE00377B3F /* Project object */;
			proxyType = 1;
			remoteGlobalIDString = A4263E2F18F2BBDE00377B3F;
			remoteInfo = Sponsorpay;
		};
		A484DB6C18F32C42002192D8 /* PBXContainerItemProxy */ = {
			isa = PBXContainerItemProxy;
			containerPortal = A484DB6318F32C42002192D8 /* Kiwi.xcodeproj */;
			proxyType = 2;
			remoteGlobalIDString = F5015B9F11583A77002E9A98;
			remoteInfo = Kiwi;
		};
		A484DB6E18F32C42002192D8 /* PBXContainerItemProxy */ = {
			isa = PBXContainerItemProxy;
			containerPortal = A484DB6318F32C42002192D8 /* Kiwi.xcodeproj */;
			proxyType = 2;
			remoteGlobalIDString = 832C83C7157263B300F160D5;
			remoteInfo = "Kiwi-OSX";
		};
		A484DB7018F32C42002192D8 /* PBXContainerItemProxy */ = {
			isa = PBXContainerItemProxy;
			containerPortal = A484DB6318F32C42002192D8 /* Kiwi.xcodeproj */;
			proxyType = 2;
			remoteGlobalIDString = F5015C9E11584017002E9A98;
			remoteInfo = KiwiTests;
		};
		A484DB7218F32C42002192D8 /* PBXContainerItemProxy */ = {
			isa = PBXContainerItemProxy;
			containerPortal = A484DB6318F32C42002192D8 /* Kiwi.xcodeproj */;
			proxyType = 2;
			remoteGlobalIDString = DA084E7317E3838100592D5A;
			remoteInfo = "Kiwi-XCTest";
		};
		A484DB7418F32C42002192D8 /* PBXContainerItemProxy */ = {
			isa = PBXContainerItemProxy;
			containerPortal = A484DB6318F32C42002192D8 /* Kiwi.xcodeproj */;
			proxyType = 2;
			remoteGlobalIDString = DA084D3E17E3804200592D5A;
			remoteInfo = KiwiXCTests;
		};
		A484DB7618F32C56002192D8 /* PBXContainerItemProxy */ = {
			isa = PBXContainerItemProxy;
			containerPortal = A484DB6318F32C42002192D8 /* Kiwi.xcodeproj */;
			proxyType = 1;
			remoteGlobalIDString = DA084D5E17E3838100592D5A;
			remoteInfo = "Kiwi-XCTest";
		};
/* End PBXContainerItemProxy section */

/* Begin PBXCopyFilesBuildPhase section */
		A4263E2E18F2BBDE00377B3F /* CopyFiles */ = {
			isa = PBXCopyFilesBuildPhase;
			buildActionMask = 2147483647;
			dstPath = "include/$(PRODUCT_NAME)";
			dstSubfolderSpec = 16;
			files = (
			);
			runOnlyForDeploymentPostprocessing = 0;
		};
/* End PBXCopyFilesBuildPhase section */

/* Begin PBXFileReference section */
		A4263E3018F2BBDE00377B3F /* libSponsorpay.a */ = {isa = PBXFileReference; explicitFileType = archive.ar; includeInIndex = 0; path = libSponsorpay.a; sourceTree = BUILT_PRODUCTS_DIR; };
		A4263E3318F2BBDE00377B3F /* Foundation.framework */ = {isa = PBXFileReference; lastKnownFileType = wrapper.framework; name = Foundation.framework; path = System/Library/Frameworks/Foundation.framework; sourceTree = SDKROOT; };
		A4263E3718F2BBDE00377B3F /* Sponsorpay-Prefix.pch */ = {isa = PBXFileReference; lastKnownFileType = sourcecode.c.h; path = "Sponsorpay-Prefix.pch"; sourceTree = "<group>"; };
		A4263E4018F2BBDE00377B3F /* SponsorpayTests.xctest */ = {isa = PBXFileReference; explicitFileType = wrapper.cfbundle; includeInIndex = 0; path = SponsorpayTests.xctest; sourceTree = BUILT_PRODUCTS_DIR; };
		A4263E4118F2BBDE00377B3F /* XCTest.framework */ = {isa = PBXFileReference; lastKnownFileType = wrapper.framework; name = XCTest.framework; path = Library/Frameworks/XCTest.framework; sourceTree = DEVELOPER_DIR; };
		A4263E4418F2BBDE00377B3F /* UIKit.framework */ = {isa = PBXFileReference; lastKnownFileType = wrapper.framework; name = UIKit.framework; path = Library/Frameworks/UIKit.framework; sourceTree = DEVELOPER_DIR; };
		A4263E4B18F2BBDE00377B3F /* SponsorpayTests-Info.plist */ = {isa = PBXFileReference; lastKnownFileType = text.plist.xml; path = "SponsorpayTests-Info.plist"; sourceTree = "<group>"; };
		A4263E4D18F2BBDE00377B3F /* en */ = {isa = PBXFileReference; lastKnownFileType = text.plist.strings; name = en; path = en.lproj/InfoPlist.strings; sourceTree = "<group>"; };
		A4263E7418F2BD9500377B3F /* SponsorpayDemoApp.app */ = {isa = PBXFileReference; explicitFileType = wrapper.application; includeInIndex = 0; path = SponsorpayDemoApp.app; sourceTree = BUILT_PRODUCTS_DIR; };
		A4263E7618F2BD9500377B3F /* CoreGraphics.framework */ = {isa = PBXFileReference; lastKnownFileType = wrapper.framework; name = CoreGraphics.framework; path = System/Library/Frameworks/CoreGraphics.framework; sourceTree = SDKROOT; };
		A4263E7B18F2BD9500377B3F /* SponsorpayDemoApp-Info.plist */ = {isa = PBXFileReference; lastKnownFileType = text.plist.xml; path = "SponsorpayDemoApp-Info.plist"; sourceTree = "<group>"; };
		A4263E7D18F2BD9500377B3F /* en */ = {isa = PBXFileReference; lastKnownFileType = text.plist.strings; name = en; path = en.lproj/InfoPlist.strings; sourceTree = "<group>"; };
		A4263E7F18F2BD9500377B3F /* main.m */ = {isa = PBXFileReference; lastKnownFileType = sourcecode.c.objc; path = main.m; sourceTree = "<group>"; };
		A4263E8118F2BD9500377B3F /* SponsorpayDemoApp-Prefix.pch */ = {isa = PBXFileReference; lastKnownFileType = sourcecode.c.h; path = "SponsorpayDemoApp-Prefix.pch"; sourceTree = "<group>"; };
		A4263E8518F2BD9500377B3F /* Images.xcassets */ = {isa = PBXFileReference; lastKnownFileType = folder.assetcatalog; path = Images.xcassets; sourceTree = "<group>"; };
		A4263E8B18F2BD9500377B3F /* SponsorpayDemoAppTests.xctest */ = {isa = PBXFileReference; explicitFileType = wrapper.cfbundle; includeInIndex = 0; path = SponsorpayDemoAppTests.xctest; sourceTree = BUILT_PRODUCTS_DIR; };
		A4263E9318F2BD9500377B3F /* SponsorpayDemoAppTests-Info.plist */ = {isa = PBXFileReference; lastKnownFileType = text.plist.xml; path = "SponsorpayDemoAppTests-Info.plist"; sourceTree = "<group>"; };
		A4263E9518F2BD9500377B3F /* en */ = {isa = PBXFileReference; lastKnownFileType = text.plist.strings; name = en; path = en.lproj/InfoPlist.strings; sourceTree = "<group>"; };
		A4263E9718F2BD9500377B3F /* SponsorpayDemoAppTests.m */ = {isa = PBXFileReference; lastKnownFileType = sourcecode.c.objc; path = SponsorpayDemoAppTests.m; sourceTree = "<group>"; };
		A4263EA318F2BE1C00377B3F /* SPDAppDelegate.h */ = {isa = PBXFileReference; fileEncoding = 4; lastKnownFileType = sourcecode.c.h; path = SPDAppDelegate.h; sourceTree = "<group>"; };
		A4263EA418F2BE1C00377B3F /* SPDAppDelegate.m */ = {isa = PBXFileReference; fileEncoding = 4; lastKnownFileType = sourcecode.c.objc; path = SPDAppDelegate.m; sourceTree = "<group>"; };
		A4263EAD18F2BECF00377B3F /* Window.xib */ = {isa = PBXFileReference; fileEncoding = 4; lastKnownFileType = file.xib; name = Window.xib; path = SupportingFiles/Window.xib; sourceTree = "<group>"; };
		A4263EB118F2BFAC00377B3F /* SPDDataStore.h */ = {isa = PBXFileReference; fileEncoding = 4; lastKnownFileType = sourcecode.c.h; name = SPDDataStore.h; path = Model/SPDDataStore/SPDDataStore.h; sourceTree = "<group>"; };
		A4263EB218F2BFAC00377B3F /* SPDDataStore.m */ = {isa = PBXFileReference; fileEncoding = 4; lastKnownFileType = sourcecode.c.objc; name = SPDDataStore.m; path = Model/SPDDataStore/SPDDataStore.m; sourceTree = "<group>"; };
		A4263EC418F2C2FA00377B3F /* SPAPIController.h */ = {isa = PBXFileReference; fileEncoding = 4; lastKnownFileType = sourcecode.c.h; path = SPAPIController.h; sourceTree = "<group>"; };
		A4263EC518F2C2FA00377B3F /* SPAPIController.m */ = {isa = PBXFileReference; fileEncoding = 4; lastKnownFileType = sourcecode.c.objc; path = SPAPIController.m; sourceTree = "<group>"; };
		A4263EC918F2C35A00377B3F /* SPEnvNetworkInfo.h */ = {isa = PBXFileReference; fileEncoding = 4; lastKnownFileType = sourcecode.c.h; path = SPEnvNetworkInfo.h; sourceTree = "<group>"; };
		A4263ECA18F2C35A00377B3F /* SPEnvNetworkInfo.m */ = {isa = PBXFileReference; fileEncoding = 4; lastKnownFileType = sourcecode.c.objc; path = SPEnvNetworkInfo.m; sourceTree = "<group>"; };
		A4263ECC18F2C35A00377B3F /* SPEnvPhoneInfo.h */ = {isa = PBXFileReference; fileEncoding = 4; lastKnownFileType = sourcecode.c.h; path = SPEnvPhoneInfo.h; sourceTree = "<group>"; };
		A4263ECD18F2C35A00377B3F /* SPEnvPhoneInfo.m */ = {isa = PBXFileReference; fileEncoding = 4; lastKnownFileType = sourcecode.c.objc; path = SPEnvPhoneInfo.m; sourceTree = "<group>"; };
		A4263ED218F2C4EC00377B3F /* SPDate.h */ = {isa = PBXFileReference; fileEncoding = 4; lastKnownFileType = sourcecode.c.h; name = SPDate.h; path = Utility/SPDate.h; sourceTree = "<group>"; };
		A4263ED318F2C4EC00377B3F /* SPDate.m */ = {isa = PBXFileReference; fileEncoding = 4; lastKnownFileType = sourcecode.c.objc; name = SPDate.m; path = Utility/SPDate.m; sourceTree = "<group>"; };
		A4263EDC18F2C54C00377B3F /* SPString.h */ = {isa = PBXFileReference; fileEncoding = 4; lastKnownFileType = sourcecode.c.h; name = SPString.h; path = Utility/SPString/SPString.h; sourceTree = "<group>"; };
		A4263EDD18F2C54C00377B3F /* SPString.m */ = {isa = PBXFileReference; fileEncoding = 4; lastKnownFileType = sourcecode.c.objc; name = SPString.m; path = Utility/SPString/SPString.m; sourceTree = "<group>"; };
		A4263EE018F2C5D000377B3F /* SPError.h */ = {isa = PBXFileReference; fileEncoding = 4; lastKnownFileType = sourcecode.c.h; name = SPError.h; path = Utility/Error/SPError.h; sourceTree = "<group>"; };
		A4263EE118F2C5D000377B3F /* SPError.m */ = {isa = PBXFileReference; fileEncoding = 4; lastKnownFileType = sourcecode.c.objc; name = SPError.m; path = Utility/Error/SPError.m; sourceTree = "<group>"; };
		A4263EE318F2C63700377B3F /* SPMacros.h */ = {isa = PBXFileReference; fileEncoding = 4; lastKnownFileType = sourcecode.c.h; name = SPMacros.h; path = SupportingFiles/SPMacros.h; sourceTree = SOURCE_ROOT; };
		A4263EE518F2C90E00377B3F /* SPLog.h */ = {isa = PBXFileReference; fileEncoding = 4; lastKnownFileType = sourcecode.c.h; name = SPLog.h; path = Utility/SPLog/SPLog.h; sourceTree = "<group>"; };
		A4263EE618F2C90E00377B3F /* SPLog.m */ = {isa = PBXFileReference; fileEncoding = 4; lastKnownFileType = sourcecode.c.objc; name = SPLog.m; path = Utility/SPLog/SPLog.m; sourceTree = "<group>"; };
		A484DB5718F2F537002192D8 /* SPOffer.h */ = {isa = PBXFileReference; fileEncoding = 4; lastKnownFileType = sourcecode.c.h; name = SPOffer.h; path = SPOffer/SPOffer.h; sourceTree = "<group>"; };
		A484DB5818F2F537002192D8 /* SPOffer.m */ = {isa = PBXFileReference; fileEncoding = 4; lastKnownFileType = sourcecode.c.objc; name = SPOffer.m; path = SPOffer/SPOffer.m; sourceTree = "<group>"; };
		A484DB5B18F307D3002192D8 /* SPURL.h */ = {isa = PBXFileReference; fileEncoding = 4; lastKnownFileType = sourcecode.c.h; name = SPURL.h; path = Utility/SPURL/SPURL.h; sourceTree = "<group>"; };
		A484DB5C18F307D3002192D8 /* SPURL.m */ = {isa = PBXFileReference; fileEncoding = 4; lastKnownFileType = sourcecode.c.objc; name = SPURL.m; path = Utility/SPURL/SPURL.m; sourceTree = "<group>"; };
		A484DB5E18F325C4002192D8 /* AdSupport.framework */ = {isa = PBXFileReference; lastKnownFileType = wrapper.framework; name = AdSupport.framework; path = System/Library/Frameworks/AdSupport.framework; sourceTree = SDKROOT; };
		A484DB6318F32C42002192D8 /* Kiwi.xcodeproj */ = {isa = PBXFileReference; lastKnownFileType = "wrapper.pb-project"; name = Kiwi.xcodeproj; path = Vendor/Kiwi/Kiwi.xcodeproj; sourceTree = "<group>"; };
		A484DB7A18F32CC8002192D8 /* SPAPIControllerSpecs.m */ = {isa = PBXFileReference; lastKnownFileType = sourcecode.c.objc; name = SPAPIControllerSpecs.m; path = Specs/SPAPIControllerSpecs.m; sourceTree = "<group>"; };
		A484DB8218F33014002192D8 /* SPRndObjFactory.h */ = {isa = PBXFileReference; fileEncoding = 4; lastKnownFileType = sourcecode.c.h; path = SPRndObjFactory.h; sourceTree = "<group>"; };
		A484DB8318F33014002192D8 /* SPRndObjFactory.m */ = {isa = PBXFileReference; fileEncoding = 4; lastKnownFileType = sourcecode.c.objc; path = SPRndObjFactory.m; sourceTree = "<group>"; };
		A4CC3CD418F3E8DD00C2B369 /* SPSwizzelingController.h */ = {isa = PBXFileReference; fileEncoding = 4; lastKnownFileType = sourcecode.c.h; name = SPSwizzelingController.h; path = TestHelpers/SPSwizzelingController/SPSwizzelingController.h; sourceTree = "<group>"; };
		A4CC3CD518F3E8DD00C2B369 /* SPSwizzelingController.m */ = {isa = PBXFileReference; fileEncoding = 4; lastKnownFileType = sourcecode.c.objc; name = SPSwizzelingController.m; path = TestHelpers/SPSwizzelingController/SPSwizzelingController.m; sourceTree = "<group>"; };
		A4CC3CD818F3EFAD00C2B369 /* SPDataFactory.h */ = {isa = PBXFileReference; fileEncoding = 4; lastKnownFileType = sourcecode.c.h; name = SPDataFactory.h; path = TestHelpers/SPDataFactory/SPDataFactory.h; sourceTree = "<group>"; };
		A4CC3CD918F3EFAD00C2B369 /* SPDataFactory.m */ = {isa = PBXFileReference; fileEncoding = 4; lastKnownFileType = sourcecode.c.objc; name = SPDataFactory.m; path = TestHelpers/SPDataFactory/SPDataFactory.m; sourceTree = "<group>"; };
		A4CC3CDB18F3F0E000C2B369 /* offersAPIResponseJSON.txt */ = {isa = PBXFileReference; fileEncoding = 4; lastKnownFileType = text; name = offersAPIResponseJSON.txt; path = TestHelpers/SPDataFactory/offersAPIResponseJSON.txt; sourceTree = "<group>"; };
		A4CC3CE318F401CD00C2B369 /* SPDRootViewController.h */ = {isa = PBXFileReference; fileEncoding = 4; lastKnownFileType = sourcecode.c.h; path = SPDRootViewController.h; sourceTree = "<group>"; };
		A4CC3CE418F401CD00C2B369 /* SPDRootViewController.m */ = {isa = PBXFileReference; fileEncoding = 4; lastKnownFileType = sourcecode.c.objc; path = SPDRootViewController.m; sourceTree = "<group>"; };
		A4CC3CE718F4033500C2B369 /* SPDOffersViewController.h */ = {isa = PBXFileReference; fileEncoding = 4; lastKnownFileType = sourcecode.c.h; name = SPDOffersViewController.h; path = SPDOffersViewController/SPDOffersViewController.h; sourceTree = "<group>"; };
		A4CC3CE818F4033500C2B369 /* SPDOffersViewController.m */ = {isa = PBXFileReference; fileEncoding = 4; lastKnownFileType = sourcecode.c.objc; name = SPDOffersViewController.m; path = SPDOffersViewController/SPDOffersViewController.m; sourceTree = "<group>"; };
		A4CC3CE918F4033500C2B369 /* SPDOffersViewController.xib */ = {isa = PBXFileReference; fileEncoding = 4; lastKnownFileType = file.xib; name = SPDOffersViewController.xib; path = SPDOffersViewController/SPDOffersViewController.xib; sourceTree = "<group>"; };
		A4CC3CED18F40AE600C2B369 /* SPTableViewCell.h */ = {isa = PBXFileReference; fileEncoding = 4; lastKnownFileType = sourcecode.c.h; path = SPTableViewCell.h; sourceTree = "<group>"; };
		A4CC3CEE18F40AE600C2B369 /* SPTableViewCell.m */ = {isa = PBXFileReference; fileEncoding = 4; lastKnownFileType = sourcecode.c.objc; path = SPTableViewCell.m; sourceTree = "<group>"; };
		A4CC3CEF18F40AE600C2B369 /* SPTableViewCell.xib */ = {isa = PBXFileReference; fileEncoding = 4; lastKnownFileType = file.xib; path = SPTableViewCell.xib; sourceTree = "<group>"; };
		A4CC3CF818F4148400C2B369 /* EGOCache.h */ = {isa = PBXFileReference; fileEncoding = 4; lastKnownFileType = sourcecode.c.h; path = EGOCache.h; sourceTree = "<group>"; };
		A4CC3CF918F4148400C2B369 /* EGOCache.m */ = {isa = PBXFileReference; fileEncoding = 4; lastKnownFileType = sourcecode.c.objc; path = EGOCache.m; sourceTree = "<group>"; };
		A4CC3CFB18F4148400C2B369 /* EGOImageButton.h */ = {isa = PBXFileReference; fileEncoding = 4; lastKnownFileType = sourcecode.c.h; path = EGOImageButton.h; sourceTree = "<group>"; };
		A4CC3CFC18F4148400C2B369 /* EGOImageButton.m */ = {isa = PBXFileReference; fileEncoding = 4; lastKnownFileType = sourcecode.c.objc; path = EGOImageButton.m; sourceTree = "<group>"; };
		A4CC3CFE18F4148400C2B369 /* EGOImageLoadConnection.h */ = {isa = PBXFileReference; fileEncoding = 4; lastKnownFileType = sourcecode.c.h; path = EGOImageLoadConnection.h; sourceTree = "<group>"; };
		A4CC3CFF18F4148400C2B369 /* EGOImageLoadConnection.m */ = {isa = PBXFileReference; fileEncoding = 4; lastKnownFileType = sourcecode.c.objc; path = EGOImageLoadConnection.m; sourceTree = "<group>"; };
		A4CC3D0018F4148400C2B369 /* EGOImageLoader.h */ = {isa = PBXFileReference; fileEncoding = 4; lastKnownFileType = sourcecode.c.h; path = EGOImageLoader.h; sourceTree = "<group>"; };
		A4CC3D0118F4148400C2B369 /* EGOImageLoader.m */ = {isa = PBXFileReference; fileEncoding = 4; lastKnownFileType = sourcecode.c.objc; path = EGOImageLoader.m; sourceTree = "<group>"; };
		A4CC3D0318F4148400C2B369 /* EGOImageView.h */ = {isa = PBXFileReference; fileEncoding = 4; lastKnownFileType = sourcecode.c.h; path = EGOImageView.h; sourceTree = "<group>"; };
		A4CC3D0418F4148400C2B369 /* EGOImageView.m */ = {isa = PBXFileReference; fileEncoding = 4; lastKnownFileType = sourcecode.c.objc; path = EGOImageView.m; sourceTree = "<group>"; };
/* End PBXFileReference section */

/* Begin PBXFrameworksBuildPhase section */
		A4263E2D18F2BBDE00377B3F /* Frameworks */ = {
			isa = PBXFrameworksBuildPhase;
			buildActionMask = 2147483647;
			files = (
				A484DB5F18F325C4002192D8 /* AdSupport.framework in Frameworks */,
				A4263E3418F2BBDE00377B3F /* Foundation.framework in Frameworks */,
			);
			runOnlyForDeploymentPostprocessing = 0;
		};
		A4263E3D18F2BBDE00377B3F /* Frameworks */ = {
			isa = PBXFrameworksBuildPhase;
			buildActionMask = 2147483647;
			files = (
				A484DB7818F32C5D002192D8 /* libKiwi-XCTest.a in Frameworks */,
				A4263E4218F2BBDE00377B3F /* XCTest.framework in Frameworks */,
				A4263E4518F2BBDE00377B3F /* UIKit.framework in Frameworks */,
				A4263E4318F2BBDE00377B3F /* Foundation.framework in Frameworks */,
				A4263E4818F2BBDE00377B3F /* libSponsorpay.a in Frameworks */,
			);
			runOnlyForDeploymentPostprocessing = 0;
		};
		A4263E7118F2BD9500377B3F /* Frameworks */ = {
			isa = PBXFrameworksBuildPhase;
			buildActionMask = 2147483647;
			files = (
				A484DB6018F325D7002192D8 /* AdSupport.framework in Frameworks */,
				A4263EAC18F2BE8700377B3F /* libSponsorpay.a in Frameworks */,
				A4263E7718F2BD9500377B3F /* CoreGraphics.framework in Frameworks */,
				A4263E7818F2BD9500377B3F /* UIKit.framework in Frameworks */,
				A4263E7518F2BD9500377B3F /* Foundation.framework in Frameworks */,
			);
			runOnlyForDeploymentPostprocessing = 0;
		};
		A4263E8818F2BD9500377B3F /* Frameworks */ = {
			isa = PBXFrameworksBuildPhase;
			buildActionMask = 2147483647;
			files = (
				A4263E8C18F2BD9500377B3F /* XCTest.framework in Frameworks */,
				A4263E8E18F2BD9500377B3F /* UIKit.framework in Frameworks */,
				A4263E8D18F2BD9500377B3F /* Foundation.framework in Frameworks */,
			);
			runOnlyForDeploymentPostprocessing = 0;
		};
/* End PBXFrameworksBuildPhase section */

/* Begin PBXGroup section */
		A4263E2718F2BBDE00377B3F = {
			isa = PBXGroup;
			children = (
				A4263E3518F2BBDE00377B3F /* Sponsorpay */,
				A4263E4918F2BBDE00377B3F /* SponsorpayTests */,
				A4263E7918F2BD9500377B3F /* SponsorpayDemoApp */,
				A4263E9118F2BD9500377B3F /* SponsorpayDemoAppTests */,
				A4263E3218F2BBDE00377B3F /* Frameworks */,
				A4263E3118F2BBDE00377B3F /* Products */,
			);
			sourceTree = "<group>";
		};
		A4263E3118F2BBDE00377B3F /* Products */ = {
			isa = PBXGroup;
			children = (
				A4263E3018F2BBDE00377B3F /* libSponsorpay.a */,
				A4263E4018F2BBDE00377B3F /* SponsorpayTests.xctest */,
				A4263E7418F2BD9500377B3F /* SponsorpayDemoApp.app */,
				A4263E8B18F2BD9500377B3F /* SponsorpayDemoAppTests.xctest */,
			);
			name = Products;
			sourceTree = "<group>";
		};
		A4263E3218F2BBDE00377B3F /* Frameworks */ = {
			isa = PBXGroup;
			children = (
				A484DB5E18F325C4002192D8 /* AdSupport.framework */,
				A4263E3318F2BBDE00377B3F /* Foundation.framework */,
				A4263E4118F2BBDE00377B3F /* XCTest.framework */,
				A4263E4418F2BBDE00377B3F /* UIKit.framework */,
				A4263E7618F2BD9500377B3F /* CoreGraphics.framework */,
			);
			name = Frameworks;
			sourceTree = "<group>";
		};
		A4263E3518F2BBDE00377B3F /* Sponsorpay */ = {
			isa = PBXGroup;
			children = (
				A4263E5918F2BC2000377B3F /* Classes */,
				A4263E3618F2BBDE00377B3F /* Supporting Files */,
			);
			path = Sponsorpay;
			sourceTree = "<group>";
		};
		A4263E3618F2BBDE00377B3F /* Supporting Files */ = {
			isa = PBXGroup;
			children = (
				A4263E3718F2BBDE00377B3F /* Sponsorpay-Prefix.pch */,
				A4263EE318F2C63700377B3F /* SPMacros.h */,
			);
			name = "Supporting Files";
			sourceTree = "<group>";
		};
		A4263E4918F2BBDE00377B3F /* SponsorpayTests */ = {
			isa = PBXGroup;
			children = (
				A484DB7C18F32F2A002192D8 /* TestHelpers */,
				A484DB6118F32C30002192D8 /* Vendor */,
				A484DB7918F32CA3002192D8 /* Specs */,
				A4263E4A18F2BBDE00377B3F /* Supporting Files */,
			);
			path = SponsorpayTests;
			sourceTree = "<group>";
		};
		A4263E4A18F2BBDE00377B3F /* Supporting Files */ = {
			isa = PBXGroup;
			children = (
				A4263E4B18F2BBDE00377B3F /* SponsorpayTests-Info.plist */,
				A4263E4C18F2BBDE00377B3F /* InfoPlist.strings */,
			);
			name = "Supporting Files";
			sourceTree = "<group>";
		};
		A4263E5918F2BC2000377B3F /* Classes */ = {
			isa = PBXGroup;
			children = (
				A4263ED018F2C4BC00377B3F /* Utility */,
				A4263EBE18F2C2FA00377B3F /* Env */,
				A4263EC318F2C2FA00377B3F /* SPAPIController */,
			);
			path = Classes;
			sourceTree = "<group>";
		};
		A4263E7918F2BD9500377B3F /* SponsorpayDemoApp */ = {
			isa = PBXGroup;
			children = (
				A4263EA118F2BE1C00377B3F /* Classes */,
				A4CC3CF218F4145B00C2B369 /* Vendor */,
				A4263E8518F2BD9500377B3F /* Images.xcassets */,
				A4263E7A18F2BD9500377B3F /* Supporting Files */,
			);
			path = SponsorpayDemoApp;
			sourceTree = "<group>";
		};
		A4263E7A18F2BD9500377B3F /* Supporting Files */ = {
			isa = PBXGroup;
			children = (
				A4263EAD18F2BECF00377B3F /* Window.xib */,
				A4263E7B18F2BD9500377B3F /* SponsorpayDemoApp-Info.plist */,
				A4263E7C18F2BD9500377B3F /* InfoPlist.strings */,
				A4263E7F18F2BD9500377B3F /* main.m */,
				A4263E8118F2BD9500377B3F /* SponsorpayDemoApp-Prefix.pch */,
			);
			name = "Supporting Files";
			sourceTree = "<group>";
		};
		A4263E9118F2BD9500377B3F /* SponsorpayDemoAppTests */ = {
			isa = PBXGroup;
			children = (
				A4263E9718F2BD9500377B3F /* SponsorpayDemoAppTests.m */,
				A4263E9218F2BD9500377B3F /* Supporting Files */,
			);
			path = SponsorpayDemoAppTests;
			sourceTree = "<group>";
		};
		A4263E9218F2BD9500377B3F /* Supporting Files */ = {
			isa = PBXGroup;
			children = (
				A4263E9318F2BD9500377B3F /* SponsorpayDemoAppTests-Info.plist */,
				A4263E9418F2BD9500377B3F /* InfoPlist.strings */,
			);
			name = "Supporting Files";
			sourceTree = "<group>";
		};
		A4263EA118F2BE1C00377B3F /* Classes */ = {
			isa = PBXGroup;
			children = (
				A4263EA218F2BE1C00377B3F /* AppDelegate */,
				A4263EAF18F2BF8F00377B3F /* Model */,
				A4CC3CE118F401CD00C2B369 /* ViewControllers */,
			);
			path = Classes;
			sourceTree = "<group>";
		};
		A4263EA218F2BE1C00377B3F /* AppDelegate */ = {
			isa = PBXGroup;
			children = (
				A4263EA318F2BE1C00377B3F /* SPDAppDelegate.h */,
				A4263EA418F2BE1C00377B3F /* SPDAppDelegate.m */,
			);
			path = AppDelegate;
			sourceTree = "<group>";
		};
		A4263EAF18F2BF8F00377B3F /* Model */ = {
			isa = PBXGroup;
			children = (
				A4263EB018F2BF9600377B3F /* SPDDataStore */,
			);
			name = Model;
			sourceTree = "<group>";
		};
		A4263EB018F2BF9600377B3F /* SPDDataStore */ = {
			isa = PBXGroup;
			children = (
				A4263EB118F2BFAC00377B3F /* SPDDataStore.h */,
				A4263EB218F2BFAC00377B3F /* SPDDataStore.m */,
			);
			name = SPDDataStore;
			sourceTree = "<group>";
		};
		A4263EBE18F2C2FA00377B3F /* Env */ = {
			isa = PBXGroup;
			children = (
				A4263EC818F2C35A00377B3F /* SPEnvNetworkInfo */,
				A4263ECB18F2C35A00377B3F /* SPEnvPhoneInfo */,
			);
			path = Env;
			sourceTree = "<group>";
		};
		A4263EC318F2C2FA00377B3F /* SPAPIController */ = {
			isa = PBXGroup;
			children = (
				A484DB5618F2F4FE002192D8 /* SPOffer */,
				A4263EC418F2C2FA00377B3F /* SPAPIController.h */,
				A4263EC518F2C2FA00377B3F /* SPAPIController.m */,
			);
			path = SPAPIController;
			sourceTree = "<group>";
		};
		A4263EC818F2C35A00377B3F /* SPEnvNetworkInfo */ = {
			isa = PBXGroup;
			children = (
				A4263EC918F2C35A00377B3F /* SPEnvNetworkInfo.h */,
				A4263ECA18F2C35A00377B3F /* SPEnvNetworkInfo.m */,
			);
			path = SPEnvNetworkInfo;
			sourceTree = "<group>";
		};
		A4263ECB18F2C35A00377B3F /* SPEnvPhoneInfo */ = {
			isa = PBXGroup;
			children = (
				A4263ECC18F2C35A00377B3F /* SPEnvPhoneInfo.h */,
				A4263ECD18F2C35A00377B3F /* SPEnvPhoneInfo.m */,
			);
			path = SPEnvPhoneInfo;
			sourceTree = "<group>";
		};
		A4263ED018F2C4BC00377B3F /* Utility */ = {
			isa = PBXGroup;
			children = (
				A484DB5A18F307BE002192D8 /* SPURL */,
				A4263EE418F2C8F300377B3F /* SPLog */,
				A4263EDF18F2C5BB00377B3F /* Error */,
				A4263EDB18F2C53500377B3F /* SPString */,
				A4263ED118F2C4C600377B3F /* SPDate */,
			);
			name = Utility;
			sourceTree = "<group>";
		};
		A4263ED118F2C4C600377B3F /* SPDate */ = {
			isa = PBXGroup;
			children = (
				A4263ED218F2C4EC00377B3F /* SPDate.h */,
				A4263ED318F2C4EC00377B3F /* SPDate.m */,
			);
			name = SPDate;
			sourceTree = "<group>";
		};
		A4263EDB18F2C53500377B3F /* SPString */ = {
			isa = PBXGroup;
			children = (
				A4263EDC18F2C54C00377B3F /* SPString.h */,
				A4263EDD18F2C54C00377B3F /* SPString.m */,
			);
			name = SPString;
			sourceTree = "<group>";
		};
		A4263EDF18F2C5BB00377B3F /* Error */ = {
			isa = PBXGroup;
			children = (
				A4263EE018F2C5D000377B3F /* SPError.h */,
				A4263EE118F2C5D000377B3F /* SPError.m */,
			);
			name = Error;
			sourceTree = "<group>";
		};
		A4263EE418F2C8F300377B3F /* SPLog */ = {
			isa = PBXGroup;
			children = (
				A4263EE518F2C90E00377B3F /* SPLog.h */,
				A4263EE618F2C90E00377B3F /* SPLog.m */,
			);
			name = SPLog;
			sourceTree = "<group>";
		};
		A484DB5618F2F4FE002192D8 /* SPOffer */ = {
			isa = PBXGroup;
			children = (
				A484DB5718F2F537002192D8 /* SPOffer.h */,
				A484DB5818F2F537002192D8 /* SPOffer.m */,
			);
			name = SPOffer;
			sourceTree = "<group>";
		};
		A484DB5A18F307BE002192D8 /* SPURL */ = {
			isa = PBXGroup;
			children = (
				A484DB5B18F307D3002192D8 /* SPURL.h */,
				A484DB5C18F307D3002192D8 /* SPURL.m */,
			);
			name = SPURL;
			sourceTree = "<group>";
		};
		A484DB6118F32C30002192D8 /* Vendor */ = {
			isa = PBXGroup;
			children = (
				A484DB6218F32C3D002192D8 /* Kiwi */,
			);
			name = Vendor;
			sourceTree = "<group>";
		};
		A484DB6218F32C3D002192D8 /* Kiwi */ = {
			isa = PBXGroup;
			children = (
				A484DB6318F32C42002192D8 /* Kiwi.xcodeproj */,
			);
			name = Kiwi;
			sourceTree = "<group>";
		};
		A484DB6418F32C42002192D8 /* Products */ = {
			isa = PBXGroup;
			children = (
				A484DB6D18F32C42002192D8 /* libKiwi.a */,
				A484DB6F18F32C42002192D8 /* libKiwi-OSX.a */,
				A484DB7118F32C42002192D8 /* KiwiTests.octest */,
				A484DB7318F32C42002192D8 /* libKiwi-XCTest.a */,
				A484DB7518F32C42002192D8 /* KiwiXCTests.xctest */,
			);
			name = Products;
			sourceTree = "<group>";
		};
		A484DB7918F32CA3002192D8 /* Specs */ = {
			isa = PBXGroup;
			children = (
				A484DB7A18F32CC8002192D8 /* SPAPIControllerSpecs.m */,
			);
			name = Specs;
			sourceTree = "<group>";
		};
		A484DB7C18F32F2A002192D8 /* TestHelpers */ = {
			isa = PBXGroup;
			children = (
				A4CC3CD718F3EF3F00C2B369 /* SPDataFactory */,
				A4CC3CD318F3E8C200C2B369 /* SPSwizzelingController */,
				A484DB8118F33014002192D8 /* SPRndObjFactory */,
			);
			name = TestHelpers;
			sourceTree = "<group>";
		};
		A484DB8118F33014002192D8 /* SPRndObjFactory */ = {
			isa = PBXGroup;
			children = (
				A484DB8218F33014002192D8 /* SPRndObjFactory.h */,
				A484DB8318F33014002192D8 /* SPRndObjFactory.m */,
			);
			name = SPRndObjFactory;
			path = TestHelpers/SPRndObjFactory;
			sourceTree = "<group>";
		};
		A4CC3CD318F3E8C200C2B369 /* SPSwizzelingController */ = {
			isa = PBXGroup;
			children = (
				A4CC3CD418F3E8DD00C2B369 /* SPSwizzelingController.h */,
				A4CC3CD518F3E8DD00C2B369 /* SPSwizzelingController.m */,
			);
			name = SPSwizzelingController;
			sourceTree = "<group>";
		};
		A4CC3CD718F3EF3F00C2B369 /* SPDataFactory */ = {
			isa = PBXGroup;
			children = (
				A4CC3CDB18F3F0E000C2B369 /* offersAPIResponseJSON.txt */,
				A4CC3CD818F3EFAD00C2B369 /* SPDataFactory.h */,
				A4CC3CD918F3EFAD00C2B369 /* SPDataFactory.m */,
			);
			name = SPDataFactory;
			sourceTree = "<group>";
		};
		A4CC3CE118F401CD00C2B369 /* ViewControllers */ = {
			isa = PBXGroup;
			children = (
				A4CC3CE218F401CD00C2B369 /* SPDRootViewController */,
				A4CC3CE618F401D700C2B369 /* SPDOffersViewController */,
			);
			path = ViewControllers;
			sourceTree = "<group>";
		};
		A4CC3CE218F401CD00C2B369 /* SPDRootViewController */ = {
			isa = PBXGroup;
			children = (
				A4CC3CE318F401CD00C2B369 /* SPDRootViewController.h */,
				A4CC3CE418F401CD00C2B369 /* SPDRootViewController.m */,
			);
			path = SPDRootViewController;
			sourceTree = "<group>";
		};
		A4CC3CE618F401D700C2B369 /* SPDOffersViewController */ = {
			isa = PBXGroup;
			children = (
				A4CC3CEC18F40AE600C2B369 /* SPTableViewCell */,
				A4CC3CE718F4033500C2B369 /* SPDOffersViewController.h */,
				A4CC3CE818F4033500C2B369 /* SPDOffersViewController.m */,
				A4CC3CE918F4033500C2B369 /* SPDOffersViewController.xib */,
			);
			name = SPDOffersViewController;
			sourceTree = "<group>";
		};
		A4CC3CEC18F40AE600C2B369 /* SPTableViewCell */ = {
			isa = PBXGroup;
			children = (
				A4CC3CED18F40AE600C2B369 /* SPTableViewCell.h */,
				A4CC3CEE18F40AE600C2B369 /* SPTableViewCell.m */,
				A4CC3CEF18F40AE600C2B369 /* SPTableViewCell.xib */,
			);
			name = SPTableViewCell;
			path = SPDOffersViewController/SPTableViewCell;
			sourceTree = "<group>";
		};
		A4CC3CF218F4145B00C2B369 /* Vendor */ = {
			isa = PBXGroup;
			children = (
				A4CC3CF318F4146500C2B369 /* EGOImageLoading */,
			);
			name = Vendor;
			sourceTree = "<group>";
		};
		A4CC3CF318F4146500C2B369 /* EGOImageLoading */ = {
			isa = PBXGroup;
			children = (
				A4CC3CF718F4148400C2B369 /* EGOCache */,
				A4CC3CFA18F4148400C2B369 /* EGOImageButton */,
				A4CC3CFD18F4148400C2B369 /* EGOImageLoader */,
				A4CC3D0218F4148400C2B369 /* EGOImageView */,
			);
			name = EGOImageLoading;
			sourceTree = "<group>";
		};
		A4CC3CF718F4148400C2B369 /* EGOCache */ = {
			isa = PBXGroup;
			children = (
				A4CC3CF818F4148400C2B369 /* EGOCache.h */,
				A4CC3CF918F4148400C2B369 /* EGOCache.m */,
			);
			name = EGOCache;
			path = Vendor/EGOImageLoading/EGOCache;
			sourceTree = "<group>";
		};
		A4CC3CFA18F4148400C2B369 /* EGOImageButton */ = {
			isa = PBXGroup;
			children = (
				A4CC3CFB18F4148400C2B369 /* EGOImageButton.h */,
				A4CC3CFC18F4148400C2B369 /* EGOImageButton.m */,
			);
			name = EGOImageButton;
			path = Vendor/EGOImageLoading/EGOImageButton;
			sourceTree = "<group>";
		};
		A4CC3CFD18F4148400C2B369 /* EGOImageLoader */ = {
			isa = PBXGroup;
			children = (
				A4CC3CFE18F4148400C2B369 /* EGOImageLoadConnection.h */,
				A4CC3CFF18F4148400C2B369 /* EGOImageLoadConnection.m */,
				A4CC3D0018F4148400C2B369 /* EGOImageLoader.h */,
				A4CC3D0118F4148400C2B369 /* EGOImageLoader.m */,
			);
			name = EGOImageLoader;
			path = Vendor/EGOImageLoading/EGOImageLoader;
			sourceTree = "<group>";
		};
		A4CC3D0218F4148400C2B369 /* EGOImageView */ = {
			isa = PBXGroup;
			children = (
				A4CC3D0318F4148400C2B369 /* EGOImageView.h */,
				A4CC3D0418F4148400C2B369 /* EGOImageView.m */,
			);
			name = EGOImageView;
			path = Vendor/EGOImageLoading/EGOImageView;
			sourceTree = "<group>";
		};
/* End PBXGroup section */

/* Begin PBXNativeTarget section */
		A4263E2F18F2BBDE00377B3F /* Sponsorpay */ = {
			isa = PBXNativeTarget;
			buildConfigurationList = A4263E5318F2BBDE00377B3F /* Build configuration list for PBXNativeTarget "Sponsorpay" */;
			buildPhases = (
				A4263E2C18F2BBDE00377B3F /* Sources */,
				A4263E2D18F2BBDE00377B3F /* Frameworks */,
				A4263E2E18F2BBDE00377B3F /* CopyFiles */,
			);
			buildRules = (
			);
			dependencies = (
			);
			name = Sponsorpay;
			productName = Sponsorpay;
			productReference = A4263E3018F2BBDE00377B3F /* libSponsorpay.a */;
			productType = "com.apple.product-type.library.static";
		};
		A4263E3F18F2BBDE00377B3F /* SponsorpayTests */ = {
			isa = PBXNativeTarget;
			buildConfigurationList = A4263E5618F2BBDE00377B3F /* Build configuration list for PBXNativeTarget "SponsorpayTests" */;
			buildPhases = (
				A4263E3C18F2BBDE00377B3F /* Sources */,
				A4263E3D18F2BBDE00377B3F /* Frameworks */,
				A4263E3E18F2BBDE00377B3F /* Resources */,
			);
			buildRules = (
			);
			dependencies = (
				A484DB7718F32C56002192D8 /* PBXTargetDependency */,
				A4263E4718F2BBDE00377B3F /* PBXTargetDependency */,
			);
			name = SponsorpayTests;
			productName = SponsorpayTests;
			productReference = A4263E4018F2BBDE00377B3F /* SponsorpayTests.xctest */;
			productType = "com.apple.product-type.bundle.unit-test";
		};
		A4263E7318F2BD9500377B3F /* SponsorpayDemoApp */ = {
			isa = PBXNativeTarget;
			buildConfigurationList = A4263E9D18F2BD9500377B3F /* Build configuration list for PBXNativeTarget "SponsorpayDemoApp" */;
			buildPhases = (
				A4263E7018F2BD9500377B3F /* Sources */,
				A4263E7118F2BD9500377B3F /* Frameworks */,
				A4263E7218F2BD9500377B3F /* Resources */,
			);
			buildRules = (
			);
			dependencies = (
				A4263EAB18F2BE7400377B3F /* PBXTargetDependency */,
			);
			name = SponsorpayDemoApp;
			productName = SponsorpayDemoApp;
			productReference = A4263E7418F2BD9500377B3F /* SponsorpayDemoApp.app */;
			productType = "com.apple.product-type.application";
		};
		A4263E8A18F2BD9500377B3F /* SponsorpayDemoAppTests */ = {
			isa = PBXNativeTarget;
			buildConfigurationList = A4263E9E18F2BD9500377B3F /* Build configuration list for PBXNativeTarget "SponsorpayDemoAppTests" */;
			buildPhases = (
				A4263E8718F2BD9500377B3F /* Sources */,
				A4263E8818F2BD9500377B3F /* Frameworks */,
				A4263E8918F2BD9500377B3F /* Resources */,
			);
			buildRules = (
			);
			dependencies = (
				A4263EA018F2BDB200377B3F /* PBXTargetDependency */,
				A4263E9018F2BD9500377B3F /* PBXTargetDependency */,
			);
			name = SponsorpayDemoAppTests;
			productName = SponsorpayDemoAppTests;
			productReference = A4263E8B18F2BD9500377B3F /* SponsorpayDemoAppTests.xctest */;
			productType = "com.apple.product-type.bundle.unit-test";
		};
/* End PBXNativeTarget section */

/* Begin PBXProject section */
		A4263E2818F2BBDE00377B3F /* Project object */ = {
			isa = PBXProject;
			attributes = {
				LastUpgradeCheck = 0510;
				ORGANIZATIONNAME = RCCBox;
				TargetAttributes = {
					A4263E3F18F2BBDE00377B3F = {
						TestTargetID = A4263E7318F2BD9500377B3F;
					};
					A4263E8A18F2BD9500377B3F = {
						TestTargetID = A4263E7318F2BD9500377B3F;
					};
				};
			};
			buildConfigurationList = A4263E2B18F2BBDE00377B3F /* Build configuration list for PBXProject "Sponsorpay" */;
			compatibilityVersion = "Xcode 3.2";
			developmentRegion = English;
			hasScannedForEncodings = 0;
			knownRegions = (
				en,
			);
			mainGroup = A4263E2718F2BBDE00377B3F;
			productRefGroup = A4263E3118F2BBDE00377B3F /* Products */;
			projectDirPath = "";
			projectReferences = (
				{
					ProductGroup = A484DB6418F32C42002192D8 /* Products */;
					ProjectRef = A484DB6318F32C42002192D8 /* Kiwi.xcodeproj */;
				},
			);
			projectRoot = "";
			targets = (
				A4263E2F18F2BBDE00377B3F /* Sponsorpay */,
				A4263E3F18F2BBDE00377B3F /* SponsorpayTests */,
				A4263E7318F2BD9500377B3F /* SponsorpayDemoApp */,
				A4263E8A18F2BD9500377B3F /* SponsorpayDemoAppTests */,
			);
		};
/* End PBXProject section */

/* Begin PBXReferenceProxy section */
		A484DB6D18F32C42002192D8 /* libKiwi.a */ = {
			isa = PBXReferenceProxy;
			fileType = archive.ar;
			path = libKiwi.a;
			remoteRef = A484DB6C18F32C42002192D8 /* PBXContainerItemProxy */;
			sourceTree = BUILT_PRODUCTS_DIR;
		};
		A484DB6F18F32C42002192D8 /* libKiwi-OSX.a */ = {
			isa = PBXReferenceProxy;
			fileType = archive.ar;
			path = "libKiwi-OSX.a";
			remoteRef = A484DB6E18F32C42002192D8 /* PBXContainerItemProxy */;
			sourceTree = BUILT_PRODUCTS_DIR;
		};
		A484DB7118F32C42002192D8 /* KiwiTests.octest */ = {
			isa = PBXReferenceProxy;
			fileType = wrapper.cfbundle;
			path = KiwiTests.octest;
			remoteRef = A484DB7018F32C42002192D8 /* PBXContainerItemProxy */;
			sourceTree = BUILT_PRODUCTS_DIR;
		};
		A484DB7318F32C42002192D8 /* libKiwi-XCTest.a */ = {
			isa = PBXReferenceProxy;
			fileType = archive.ar;
			path = "libKiwi-XCTest.a";
			remoteRef = A484DB7218F32C42002192D8 /* PBXContainerItemProxy */;
			sourceTree = BUILT_PRODUCTS_DIR;
		};
		A484DB7518F32C42002192D8 /* KiwiXCTests.xctest */ = {
			isa = PBXReferenceProxy;
			fileType = wrapper.cfbundle;
			path = KiwiXCTests.xctest;
			remoteRef = A484DB7418F32C42002192D8 /* PBXContainerItemProxy */;
			sourceTree = BUILT_PRODUCTS_DIR;
		};
/* End PBXReferenceProxy section */

/* Begin PBXResourcesBuildPhase section */
		A4263E3E18F2BBDE00377B3F /* Resources */ = {
			isa = PBXResourcesBuildPhase;
			buildActionMask = 2147483647;
			files = (
				A4263E4E18F2BBDE00377B3F /* InfoPlist.strings in Resources */,
				A4CC3CDC18F3F0E000C2B369 /* offersAPIResponseJSON.txt in Resources */,
			);
			runOnlyForDeploymentPostprocessing = 0;
		};
		A4263E7218F2BD9500377B3F /* Resources */ = {
			isa = PBXResourcesBuildPhase;
			buildActionMask = 2147483647;
			files = (
				A4263E7E18F2BD9500377B3F /* InfoPlist.strings in Resources */,
				A4263E8618F2BD9500377B3F /* Images.xcassets in Resources */,
				A4263EAE18F2BECF00377B3F /* Window.xib in Resources */,
				A4CC3CF118F40AE600C2B369 /* SPTableViewCell.xib in Resources */,
				A4CC3CEB18F4033500C2B369 /* SPDOffersViewController.xib in Resources */,
			);
			runOnlyForDeploymentPostprocessing = 0;
		};
		A4263E8918F2BD9500377B3F /* Resources */ = {
			isa = PBXResourcesBuildPhase;
			buildActionMask = 2147483647;
			files = (
				A4263E9618F2BD9500377B3F /* InfoPlist.strings in Resources */,
			);
			runOnlyForDeploymentPostprocessing = 0;
		};
/* End PBXResourcesBuildPhase section */

/* Begin PBXSourcesBuildPhase section */
		A4263E2C18F2BBDE00377B3F /* Sources */ = {
			isa = PBXSourcesBuildPhase;
			buildActionMask = 2147483647;
			files = (
				A4263ED418F2C4EC00377B3F /* SPDate.m in Sources */,
				A4263EC718F2C2FA00377B3F /* SPAPIController.m in Sources */,
				A484DB5D18F307D3002192D8 /* SPURL.m in Sources */,
				A4263ECF18F2C35A00377B3F /* SPEnvPhoneInfo.m in Sources */,
				A4263EDE18F2C54C00377B3F /* SPString.m in Sources */,
				A4263EE218F2C5D000377B3F /* SPError.m in Sources */,
				A484DB5918F2F537002192D8 /* SPOffer.m in Sources */,
				A4263ECE18F2C35A00377B3F /* SPEnvNetworkInfo.m in Sources */,
				A4263EE718F2C90E00377B3F /* SPLog.m in Sources */,
			);
			runOnlyForDeploymentPostprocessing = 0;
		};
		A4263E3C18F2BBDE00377B3F /* Sources */ = {
			isa = PBXSourcesBuildPhase;
			buildActionMask = 2147483647;
			files = (
				A484DB8418F33014002192D8 /* SPRndObjFactory.m in Sources */,
				A4CC3CD618F3E8DD00C2B369 /* SPSwizzelingController.m in Sources */,
				A484DB7B18F32D14002192D8 /* SPAPIControllerSpecs.m in Sources */,
				A4CC3CDA18F3EFAD00C2B369 /* SPDataFactory.m in Sources */,
			);
			runOnlyForDeploymentPostprocessing = 0;
		};
		A4263E7018F2BD9500377B3F /* Sources */ = {
			isa = PBXSourcesBuildPhase;
			buildActionMask = 2147483647;
			files = (
				A4CC3CF018F40AE600C2B369 /* SPTableViewCell.m in Sources */,
				A4CC3CEA18F4033500C2B369 /* SPDOffersViewController.m in Sources */,
				A4CC3CE518F401CD00C2B369 /* SPDRootViewController.m in Sources */,
				A4CC3D0518F4148400C2B369 /* EGOCache.m in Sources */,
				A4CC3D0818F4148400C2B369 /* EGOImageLoader.m in Sources */,
				A4263EA818F2BE1C00377B3F /* SPDAppDelegate.m in Sources */,
				A4CC3D0918F4148400C2B369 /* EGOImageView.m in Sources */,
				A4CC3D0618F4148400C2B369 /* EGOImageButton.m in Sources */,
				A4263E8018F2BD9500377B3F /* main.m in Sources */,
				A4263EB318F2BFAC00377B3F /* SPDDataStore.m in Sources */,
				A4CC3D0718F4148400C2B369 /* EGOImageLoadConnection.m in Sources */,
			);
			runOnlyForDeploymentPostprocessing = 0;
		};
		A4263E8718F2BD9500377B3F /* Sources */ = {
			isa = PBXSourcesBuildPhase;
			buildActionMask = 2147483647;
			files = (
				A4263E9818F2BD9500377B3F /* SponsorpayDemoAppTests.m in Sources */,
			);
			runOnlyForDeploymentPostprocessing = 0;
		};
/* End PBXSourcesBuildPhase section */

/* Begin PBXTargetDependency section */
		A4263E4718F2BBDE00377B3F /* PBXTargetDependency */ = {
			isa = PBXTargetDependency;
			target = A4263E2F18F2BBDE00377B3F /* Sponsorpay */;
			targetProxy = A4263E4618F2BBDE00377B3F /* PBXContainerItemProxy */;
		};
		A4263E9018F2BD9500377B3F /* PBXTargetDependency */ = {
			isa = PBXTargetDependency;
			target = A4263E7318F2BD9500377B3F /* SponsorpayDemoApp */;
			targetProxy = A4263E8F18F2BD9500377B3F /* PBXContainerItemProxy */;
		};
		A4263EA018F2BDB200377B3F /* PBXTargetDependency */ = {
			isa = PBXTargetDependency;
			target = A4263E2F18F2BBDE00377B3F /* Sponsorpay */;
			targetProxy = A4263E9F18F2BDB200377B3F /* PBXContainerItemProxy */;
		};
		A4263EAB18F2BE7400377B3F /* PBXTargetDependency */ = {
			isa = PBXTargetDependency;
			target = A4263E2F18F2BBDE00377B3F /* Sponsorpay */;
			targetProxy = A4263EAA18F2BE7400377B3F /* PBXContainerItemProxy */;
		};
		A484DB7718F32C56002192D8 /* PBXTargetDependency */ = {
			isa = PBXTargetDependency;
			name = "Kiwi-XCTest";
			targetProxy = A484DB7618F32C56002192D8 /* PBXContainerItemProxy */;
		};
/* End PBXTargetDependency section */

/* Begin PBXVariantGroup section */
		A4263E4C18F2BBDE00377B3F /* InfoPlist.strings */ = {
			isa = PBXVariantGroup;
			children = (
				A4263E4D18F2BBDE00377B3F /* en */,
			);
			name = InfoPlist.strings;
			sourceTree = "<group>";
		};
		A4263E7C18F2BD9500377B3F /* InfoPlist.strings */ = {
			isa = PBXVariantGroup;
			children = (
				A4263E7D18F2BD9500377B3F /* en */,
			);
			name = InfoPlist.strings;
			sourceTree = "<group>";
		};
		A4263E9418F2BD9500377B3F /* InfoPlist.strings */ = {
			isa = PBXVariantGroup;
			children = (
				A4263E9518F2BD9500377B3F /* en */,
			);
			name = InfoPlist.strings;
			sourceTree = "<group>";
		};
/* End PBXVariantGroup section */

/* Begin XCBuildConfiguration section */
		A4263E5118F2BBDE00377B3F /* Debug */ = {
			isa = XCBuildConfiguration;
			buildSettings = {
				ALWAYS_SEARCH_USER_PATHS = NO;
				CLANG_CXX_LANGUAGE_STANDARD = "gnu++0x";
				CLANG_CXX_LIBRARY = "libc++";
				CLANG_ENABLE_MODULES = YES;
				CLANG_ENABLE_OBJC_ARC = YES;
				CLANG_WARN_BOOL_CONVERSION = YES;
				CLANG_WARN_CONSTANT_CONVERSION = YES;
				CLANG_WARN_DIRECT_OBJC_ISA_USAGE = YES_ERROR;
				CLANG_WARN_EMPTY_BODY = YES;
				CLANG_WARN_ENUM_CONVERSION = YES;
				CLANG_WARN_INT_CONVERSION = YES;
				CLANG_WARN_OBJC_ROOT_CLASS = YES_ERROR;
				CLANG_WARN__DUPLICATE_METHOD_MATCH = YES;
				COPY_PHASE_STRIP = NO;
				GCC_C_LANGUAGE_STANDARD = gnu99;
				GCC_DYNAMIC_NO_PIC = NO;
				GCC_OPTIMIZATION_LEVEL = 0;
				GCC_PREPROCESSOR_DEFINITIONS = (
					"DEBUG=1",
					"$(inherited)",
				);
				GCC_SYMBOLS_PRIVATE_EXTERN = NO;
				GCC_WARN_64_TO_32_BIT_CONVERSION = YES;
				GCC_WARN_ABOUT_RETURN_TYPE = YES_ERROR;
				GCC_WARN_UNDECLARED_SELECTOR = YES;
				GCC_WARN_UNINITIALIZED_AUTOS = YES_AGGRESSIVE;
				GCC_WARN_UNUSED_FUNCTION = YES;
				GCC_WARN_UNUSED_VARIABLE = YES;
				IPHONEOS_DEPLOYMENT_TARGET = 7.1;
				ONLY_ACTIVE_ARCH = YES;
				SDKROOT = iphoneos;
			};
			name = Debug;
		};
		A4263E5218F2BBDE00377B3F /* Release */ = {
			isa = XCBuildConfiguration;
			buildSettings = {
				ALWAYS_SEARCH_USER_PATHS = NO;
				CLANG_CXX_LANGUAGE_STANDARD = "gnu++0x";
				CLANG_CXX_LIBRARY = "libc++";
				CLANG_ENABLE_MODULES = YES;
				CLANG_ENABLE_OBJC_ARC = YES;
				CLANG_WARN_BOOL_CONVERSION = YES;
				CLANG_WARN_CONSTANT_CONVERSION = YES;
				CLANG_WARN_DIRECT_OBJC_ISA_USAGE = YES_ERROR;
				CLANG_WARN_EMPTY_BODY = YES;
				CLANG_WARN_ENUM_CONVERSION = YES;
				CLANG_WARN_INT_CONVERSION = YES;
				CLANG_WARN_OBJC_ROOT_CLASS = YES_ERROR;
				CLANG_WARN__DUPLICATE_METHOD_MATCH = YES;
				COPY_PHASE_STRIP = YES;
				ENABLE_NS_ASSERTIONS = NO;
				GCC_C_LANGUAGE_STANDARD = gnu99;
				GCC_WARN_64_TO_32_BIT_CONVERSION = YES;
				GCC_WARN_ABOUT_RETURN_TYPE = YES_ERROR;
				GCC_WARN_UNDECLARED_SELECTOR = YES;
				GCC_WARN_UNINITIALIZED_AUTOS = YES_AGGRESSIVE;
				GCC_WARN_UNUSED_FUNCTION = YES;
				GCC_WARN_UNUSED_VARIABLE = YES;
				IPHONEOS_DEPLOYMENT_TARGET = 7.1;
				SDKROOT = iphoneos;
				VALIDATE_PRODUCT = YES;
			};
			name = Release;
		};
		A4263E5418F2BBDE00377B3F /* Debug */ = {
			isa = XCBuildConfiguration;
			buildSettings = {
				DSTROOT = /tmp/Sponsorpay.dst;
				GCC_PRECOMPILE_PREFIX_HEADER = YES;
				GCC_PREFIX_HEADER = "Sponsorpay/Sponsorpay-Prefix.pch";
				OTHER_LDFLAGS = "-ObjC";
				PRODUCT_NAME = "$(TARGET_NAME)";
				SKIP_INSTALL = YES;
			};
			name = Debug;
		};
		A4263E5518F2BBDE00377B3F /* Release */ = {
			isa = XCBuildConfiguration;
			buildSettings = {
				DSTROOT = /tmp/Sponsorpay.dst;
				GCC_PRECOMPILE_PREFIX_HEADER = YES;
				GCC_PREFIX_HEADER = "Sponsorpay/Sponsorpay-Prefix.pch";
				OTHER_LDFLAGS = "-ObjC";
				PRODUCT_NAME = "$(TARGET_NAME)";
				SKIP_INSTALL = YES;
			};
			name = Release;
		};
		A4263E5718F2BBDE00377B3F /* Debug */ = {
			isa = XCBuildConfiguration;
			buildSettings = {
				BUNDLE_LOADER = "$(BUILT_PRODUCTS_DIR)/SponsorpayDemoApp.app/SponsorpayDemoApp";
				FRAMEWORK_SEARCH_PATHS = (
					"$(SDKROOT)/Developer/Library/Frameworks",
					"$(inherited)",
					"$(DEVELOPER_FRAMEWORKS_DIR)",
				);
				GCC_PRECOMPILE_PREFIX_HEADER = YES;
				GCC_PREFIX_HEADER = "Sponsorpay/Sponsorpay-Prefix.pch";
				GCC_PREPROCESSOR_DEFINITIONS = (
					"DEBUG=1",
					"$(inherited)",
				);
				INFOPLIST_FILE = "SponsorpayTests/SponsorpayTests-Info.plist";
				OTHER_LDFLAGS = (
					"$(inherited)",
					"-framework",
					XCTest,
					"-all_load",
				);
				PRODUCT_NAME = "$(TARGET_NAME)";
				TEST_HOST = "$(BUNDLE_LOADER)";
				USER_HEADER_SEARCH_PATHS = "\"${SRCROOT}/SponsorpayTests/Vendor/Kiwi/\"/**";
				WRAPPER_EXTENSION = xctest;
			};
			name = Debug;
		};
		A4263E5818F2BBDE00377B3F /* Release */ = {
			isa = XCBuildConfiguration;
			buildSettings = {
				BUNDLE_LOADER = "$(BUILT_PRODUCTS_DIR)/SponsorpayDemoApp.app/SponsorpayDemoApp";
				FRAMEWORK_SEARCH_PATHS = (
					"$(SDKROOT)/Developer/Library/Frameworks",
					"$(inherited)",
					"$(DEVELOPER_FRAMEWORKS_DIR)",
				);
				GCC_PRECOMPILE_PREFIX_HEADER = YES;
				GCC_PREFIX_HEADER = "Sponsorpay/Sponsorpay-Prefix.pch";
				INFOPLIST_FILE = "SponsorpayTests/SponsorpayTests-Info.plist";
				OTHER_LDFLAGS = (
					"$(inherited)",
					"-framework",
					XCTest,
					"-all_load",
				);
				PRODUCT_NAME = "$(TARGET_NAME)";
				TEST_HOST = "$(BUNDLE_LOADER)";
				USER_HEADER_SEARCH_PATHS = "\"${SRCROOT}/SponsorpayTests/Vendor/Kiwi/\"/**";
				WRAPPER_EXTENSION = xctest;
			};
			name = Release;
		};
		A4263E9918F2BD9500377B3F /* Debug */ = {
			isa = XCBuildConfiguration;
			buildSettings = {
				ASSETCATALOG_COMPILER_APPICON_NAME = AppIcon;
				ASSETCATALOG_COMPILER_LAUNCHIMAGE_NAME = LaunchImage;
				"CODE_SIGN_IDENTITY[sdk=iphoneos*]" = "iPhone Developer";
				FRAMEWORK_SEARCH_PATHS = (
					"$(inherited)",
					"$(DEVELOPER_FRAMEWORKS_DIR)",
				);
				GCC_PRECOMPILE_PREFIX_HEADER = YES;
				GCC_PREFIX_HEADER = "SponsorpayDemoApp/SponsorpayDemoApp-Prefix.pch";
				GCC_PREPROCESSOR_DEFINITIONS = (
					"DEBUG=1",
					"$(inherited)",
				);
				INFOPLIST_FILE = "SponsorpayDemoApp/SponsorpayDemoApp-Info.plist";
				PRODUCT_NAME = "$(TARGET_NAME)";
				WRAPPER_EXTENSION = app;
			};
			name = Debug;
		};
		A4263E9A18F2BD9500377B3F /* Release */ = {
			isa = XCBuildConfiguration;
			buildSettings = {
				ASSETCATALOG_COMPILER_APPICON_NAME = AppIcon;
				ASSETCATALOG_COMPILER_LAUNCHIMAGE_NAME = LaunchImage;
				"CODE_SIGN_IDENTITY[sdk=iphoneos*]" = "iPhone Developer";
				FRAMEWORK_SEARCH_PATHS = (
					"$(inherited)",
					"$(DEVELOPER_FRAMEWORKS_DIR)",
				);
				GCC_PRECOMPILE_PREFIX_HEADER = YES;
				GCC_PREFIX_HEADER = "SponsorpayDemoApp/SponsorpayDemoApp-Prefix.pch";
				INFOPLIST_FILE = "SponsorpayDemoApp/SponsorpayDemoApp-Info.plist";
				PRODUCT_NAME = "$(TARGET_NAME)";
				WRAPPER_EXTENSION = app;
			};
			name = Release;
		};
		A4263E9B18F2BD9500377B3F /* Debug */ = {
			isa = XCBuildConfiguration;
			buildSettings = {
				BUNDLE_LOADER = "$(BUILT_PRODUCTS_DIR)/SponsorpayDemoApp.app/SponsorpayDemoApp";
				FRAMEWORK_SEARCH_PATHS = (
					"$(SDKROOT)/Developer/Library/Frameworks",
					"$(inherited)",
					"$(DEVELOPER_FRAMEWORKS_DIR)",
				);
				GCC_PRECOMPILE_PREFIX_HEADER = YES;
				GCC_PREFIX_HEADER = "SponsorpayDemoApp/SponsorpayDemoApp-Prefix.pch";
				GCC_PREPROCESSOR_DEFINITIONS = (
					"DEBUG=1",
					"$(inherited)",
				);
				INFOPLIST_FILE = "SponsorpayDemoAppTests/SponsorpayDemoAppTests-Info.plist";
				PRODUCT_NAME = "$(TARGET_NAME)";
				TEST_HOST = "$(BUNDLE_LOADER)";
				WRAPPER_EXTENSION = xctest;
			};
			name = Debug;
		};
		A4263E9C18F2BD9500377B3F /* Release */ = {
			isa = XCBuildConfiguration;
			buildSettings = {
				BUNDLE_LOADER = "$(BUILT_PRODUCTS_DIR)/SponsorpayDemoApp.app/SponsorpayDemoApp";
				FRAMEWORK_SEARCH_PATHS = (
					"$(SDKROOT)/Developer/Library/Frameworks",
					"$(inherited)",
					"$(DEVELOPER_FRAMEWORKS_DIR)",
				);
				GCC_PRECOMPILE_PREFIX_HEADER = YES;
				GCC_PREFIX_HEADER = "SponsorpayDemoApp/SponsorpayDemoApp-Prefix.pch";
				INFOPLIST_FILE = "SponsorpayDemoAppTests/SponsorpayDemoAppTests-Info.plist";
				PRODUCT_NAME = "$(TARGET_NAME)";
				TEST_HOST = "$(BUNDLE_LOADER)";
				WRAPPER_EXTENSION = xctest;
			};
			name = Release;
		};
/* End XCBuildConfiguration section */

/* Begin XCConfigurationList section */
		A4263E2B18F2BBDE00377B3F /* Build configuration list for PBXProject "Sponsorpay" */ = {
			isa = XCConfigurationList;
			buildConfigurations = (
				A4263E5118F2BBDE00377B3F /* Debug */,
				A4263E5218F2BBDE00377B3F /* Release */,
			);
			defaultConfigurationIsVisible = 0;
			defaultConfigurationName = Release;
		};
		A4263E5318F2BBDE00377B3F /* Build configuration list for PBXNativeTarget "Sponsorpay" */ = {
			isa = XCConfigurationList;
			buildConfigurations = (
				A4263E5418F2BBDE00377B3F /* Debug */,
				A4263E5518F2BBDE00377B3F /* Release */,
			);
			defaultConfigurationIsVisible = 0;
			defaultConfigurationName = Release;
		};
		A4263E5618F2BBDE00377B3F /* Build configuration list for PBXNativeTarget "SponsorpayTests" */ = {
			isa = XCConfigurationList;
			buildConfigurations = (
				A4263E5718F2BBDE00377B3F /* Debug */,
				A4263E5818F2BBDE00377B3F /* Release */,
			);
			defaultConfigurationIsVisible = 0;
			defaultConfigurationName = Release;
		};
		A4263E9D18F2BD9500377B3F /* Build configuration list for PBXNativeTarget "SponsorpayDemoApp" */ = {
			isa = XCConfigurationList;
			buildConfigurations = (
				A4263E9918F2BD9500377B3F /* Debug */,
				A4263E9A18F2BD9500377B3F /* Release */,
			);
			defaultConfigurationIsVisible = 0;
			defaultConfigurationName = Release;
		};
		A4263E9E18F2BD9500377B3F /* Build configuration list for PBXNativeTarget "SponsorpayDemoAppTests" */ = {
			isa = XCConfigurationList;
			buildConfigurations = (
				A4263E9B18F2BD9500377B3F /* Debug */,
				A4263E9C18F2BD9500377B3F /* Release */,
			);
			defaultConfigurationIsVisible = 0;
			defaultConfigurationName = Release;
		};
/* End XCConfigurationList section */
	};
	rootObject = A4263E2818F2BBDE00377B3F /* Project object */;
}
